
Microsoft Visual Studio Solution File, Format Version 12.00
# Visual Studio Version 17
VisualStudioVersion = 17.10.34928.147
MinimumVisualStudioVersion = 10.0.40219.1
Project("{8BC9CEB8-8B4A-11D0-8D11-00A0C91BC942}") = "Daniil_Oleg_Arthur", "Daniil_Oleg_Arthur\Daniil_Oleg_Arthur.vcxproj", "{8FB0D9CF-AD6C-4E40-88A8-E95F6AD67A3B}"
EndProject
Global
	GlobalSection(SolutionConfigurationPlatforms) = preSolution
		Debug|x64 = Debug|x64
		Debug|x86 = Debug|x86
		Release|x64 = Release|x64
		Release|x86 = Release|x86
	EndGlobalSection
	GlobalSection(ProjectConfigurationPlatforms) = postSolution
		{8FB0D9CF-AD6C-4E40-88A8-E95F6AD67A3B}.Debug|x64.ActiveCfg = Debug|x64
		{8FB0D9CF-AD6C-4E40-88A8-E95F6AD67A3B}.Debug|x64.Build.0 = Debug|x64
		{8FB0D9CF-AD6C-4E40-88A8-E95F6AD67A3B}.Debug|x86.ActiveCfg = Debug|Win32
		{8FB0D9CF-AD6C-4E40-88A8-E95F6AD67A3B}.Debug|x86.Build.0 = Debug|Win32
		{8FB0D9CF-AD6C-4E40-88A8-E95F6AD67A3B}.Release|x64.ActiveCfg = Release|x64
		{8FB0D9CF-AD6C-4E40-88A8-E95F6AD67A3B}.Release|x64.Build.0 = Release|x64
		{8FB0D9CF-AD6C-4E40-88A8-E95F6AD67A3B}.Release|x86.ActiveCfg = Release|Win32
		{8FB0D9CF-AD6C-4E40-88A8-E95F6AD67A3B}.Release|x86.Build.0 = Release|Win32
	EndGlobalSection
	GlobalSection(SolutionProperties) = preSolution
		HideSolutionNode = FALSE
	EndGlobalSection
	GlobalSection(ExtensibilityGlobals) = postSolution
		SolutionGuid = {87A81EEC-0257-4047-B21E-4CC27D734754}
	EndGlobalSection
EndGlobal
